
Microsoft Visual Studio Solution File, Format Version 12.00
# Visual Studio Version 17
VisualStudioVersion = 17.4.33122.133
MinimumVisualStudioVersion = 10.0.40219.1
Project("{9A19103F-16F7-4668-BE54-9A1E7A4F7556}") = "ScePSX", "ScePSX\ScePSX.csproj", "{23C80192-0C30-41C9-9A29-A54DF6B55B21}"
EndProject
Global
	GlobalSection(SolutionConfigurationPlatforms) = preSolution
		Debug|Any CPU = Debug|Any CPU
		Release|Any CPU = Release|Any CPU
	EndGlobalSection
	GlobalSection(ProjectConfigurationPlatforms) = postSolution
		{23C80192-0C30-41C9-9A29-A54DF6B55B21}.Debug|Any CPU.ActiveCfg = Debug|Any CPU
		{23C80192-0C30-41C9-9A29-A54DF6B55B21}.Debug|Any CPU.Build.0 = Debug|Any CPU
		{23C80192-0C30-41C9-9A29-A54DF6B55B21}.Release|Any CPU.ActiveCfg = Release|Any CPU
		{23C80192-0C30-41C9-9A29-A54DF6B55B21}.Release|Any CPU.Build.0 = Release|Any CPU
	EndGlobalSection
	GlobalSection(SolutionProperties) = preSolution
		HideSolutionNode = FALSE
	EndGlobalSection
	GlobalSection(ExtensibilityGlobals) = postSolution
		SolutionGuid = {E3A2E56B-76A2-48AB-9956-E37740A08775}
	EndGlobalSection
EndGlobal
