
Microsoft Visual Studio Solution File, Format Version 12.00
# Visual Studio Version 17
VisualStudioVersion = 17.14.36930.0
MinimumVisualStudioVersion = 10.0.40219.1
Project("{FAE04EC0-301F-11D3-BF4B-00C04F79EFBC}") = "ScePSX", "Android\ScePSX.csproj", "{94A5D056-AD72-45AD-9284-ADCCF85FFBEF}"
EndProject
Project("{FAE04EC0-301F-11D3-BF4B-00C04F79EFBC}") = "Core", "ScePSX\Core.csproj", "{D5B209D6-4B10-A5C9-1C7D-74897040277E}"
EndProject
Global
	GlobalSection(SolutionConfigurationPlatforms) = preSolution
		Debug|Any CPU = Debug|Any CPU
		Debug|ARM32 = Debug|ARM32
		Debug|ARM64 = Debug|ARM64
		Debug|x64 = Debug|x64
		Release|Any CPU = Release|Any CPU
		Release|ARM32 = Release|ARM32
		Release|ARM64 = Release|ARM64
		Release|x64 = Release|x64
	EndGlobalSection
	GlobalSection(ProjectConfigurationPlatforms) = postSolution
		{94A5D056-AD72-45AD-9284-ADCCF85FFBEF}.Debug|Any CPU.ActiveCfg = Debug|Any CPU
		{94A5D056-AD72-45AD-9284-ADCCF85FFBEF}.Debug|Any CPU.Build.0 = Debug|Any CPU
		{94A5D056-AD72-45AD-9284-ADCCF85FFBEF}.Debug|Any CPU.Deploy.0 = Debug|Any CPU
		{94A5D056-AD72-45AD-9284-ADCCF85FFBEF}.Debug|ARM32.ActiveCfg = Debug|ARM32
		{94A5D056-AD72-45AD-9284-ADCCF85FFBEF}.Debug|ARM32.Build.0 = Debug|ARM32
		{94A5D056-AD72-45AD-9284-ADCCF85FFBEF}.Debug|ARM32.Deploy.0 = Debug|ARM32
		{94A5D056-AD72-45AD-9284-ADCCF85FFBEF}.Debug|ARM64.ActiveCfg = Debug|ARM64
		{94A5D056-AD72-45AD-9284-ADCCF85FFBEF}.Debug|ARM64.Build.0 = Debug|ARM64
		{94A5D056-AD72-45AD-9284-ADCCF85FFBEF}.Debug|ARM64.Deploy.0 = Debug|ARM64
		{94A5D056-AD72-45AD-9284-ADCCF85FFBEF}.Debug|x64.ActiveCfg = Debug|x64
		{94A5D056-AD72-45AD-9284-ADCCF85FFBEF}.Debug|x64.Build.0 = Debug|x64
		{94A5D056-AD72-45AD-9284-ADCCF85FFBEF}.Debug|x64.Deploy.0 = Debug|x64
		{94A5D056-AD72-45AD-9284-ADCCF85FFBEF}.Release|Any CPU.ActiveCfg = Release|Any CPU
		{94A5D056-AD72-45AD-9284-ADCCF85FFBEF}.Release|Any CPU.Build.0 = Release|Any CPU
		{94A5D056-AD72-45AD-9284-ADCCF85FFBEF}.Release|Any CPU.Deploy.0 = Release|Any CPU
		{94A5D056-AD72-45AD-9284-ADCCF85FFBEF}.Release|ARM32.ActiveCfg = Release|ARM32
		{94A5D056-AD72-45AD-9284-ADCCF85FFBEF}.Release|ARM32.Build.0 = Release|ARM32
		{94A5D056-AD72-45AD-9284-ADCCF85FFBEF}.Release|ARM32.Deploy.0 = Release|ARM32
		{94A5D056-AD72-45AD-9284-ADCCF85FFBEF}.Release|ARM64.ActiveCfg = Release|ARM64
		{94A5D056-AD72-45AD-9284-ADCCF85FFBEF}.Release|ARM64.Build.0 = Release|ARM64
		{94A5D056-AD72-45AD-9284-ADCCF85FFBEF}.Release|ARM64.Deploy.0 = Release|ARM64
		{94A5D056-AD72-45AD-9284-ADCCF85FFBEF}.Release|x64.ActiveCfg = Release|x64
		{94A5D056-AD72-45AD-9284-ADCCF85FFBEF}.Release|x64.Build.0 = Release|x64
		{94A5D056-AD72-45AD-9284-ADCCF85FFBEF}.Release|x64.Deploy.0 = Release|x64
		{D5B209D6-4B10-A5C9-1C7D-74897040277E}.Debug|Any CPU.ActiveCfg = Debug|Any CPU
		{D5B209D6-4B10-A5C9-1C7D-74897040277E}.Debug|Any CPU.Build.0 = Debug|Any CPU
		{D5B209D6-4B10-A5C9-1C7D-74897040277E}.Debug|ARM32.ActiveCfg = Debug|Any CPU
		{D5B209D6-4B10-A5C9-1C7D-74897040277E}.Debug|ARM32.Build.0 = Debug|Any CPU
		{D5B209D6-4B10-A5C9-1C7D-74897040277E}.Debug|ARM64.ActiveCfg = Debug|Any CPU
		{D5B209D6-4B10-A5C9-1C7D-74897040277E}.Debug|ARM64.Build.0 = Debug|Any CPU
		{D5B209D6-4B10-A5C9-1C7D-74897040277E}.Debug|x64.ActiveCfg = Debug|Any CPU
		{D5B209D6-4B10-A5C9-1C7D-74897040277E}.Debug|x64.Build.0 = Debug|Any CPU
		{D5B209D6-4B10-A5C9-1C7D-74897040277E}.Release|Any CPU.ActiveCfg = Release|Any CPU
		{D5B209D6-4B10-A5C9-1C7D-74897040277E}.Release|Any CPU.Build.0 = Release|Any CPU
		{D5B209D6-4B10-A5C9-1C7D-74897040277E}.Release|ARM32.ActiveCfg = Release|Any CPU
		{D5B209D6-4B10-A5C9-1C7D-74897040277E}.Release|ARM32.Build.0 = Release|Any CPU
		{D5B209D6-4B10-A5C9-1C7D-74897040277E}.Release|ARM64.ActiveCfg = Release|Any CPU
		{D5B209D6-4B10-A5C9-1C7D-74897040277E}.Release|ARM64.Build.0 = Release|Any CPU
		{D5B209D6-4B10-A5C9-1C7D-74897040277E}.Release|x64.ActiveCfg = Release|Any CPU
		{D5B209D6-4B10-A5C9-1C7D-74897040277E}.Release|x64.Build.0 = Release|Any CPU
	EndGlobalSection
	GlobalSection(SolutionProperties) = preSolution
		HideSolutionNode = FALSE
	EndGlobalSection
	GlobalSection(ExtensibilityGlobals) = postSolution
		SolutionGuid = {12A279E0-0786-4295-9696-471BC31A0840}
	EndGlobalSection
EndGlobal
